
Microsoft Visual Studio Solution File, Format Version 12.00
# Visual Studio Version 16
VisualStudioVersion = 16.0.29020.237
MinimumVisualStudioVersion = 10.0.40219.1
Project("{9A19103F-16F7-4668-BE54-9A1E7A4F7556}") = "DevIO.Business", "src\DevIO.Business\DevIO.Business.csproj", "{CA4F4F80-004F-458A-B1F8-6984F7677D75}"
EndProject
Project("{9A19103F-16F7-4668-BE54-9A1E7A4F7556}") = "DevIO.Data", "src\DevIO.Data\DevIO.Data.csproj", "{9F288FA8-63D5-4193-9608-E6620E5B9284}"
EndProject
Project("{FAE04EC0-301F-11D3-BF4B-00C04F79EFBC}") = "DevIO.Api", "src\DevIO.Api\DevIO.Api.csproj", "{D059A380-A1C0-493C-9639-1FA36CDE9B4F}"
EndProject
Global
	GlobalSection(SolutionConfigurationPlatforms) = preSolution
		Debug|Any CPU = Debug|Any CPU
		Release|Any CPU = Release|Any CPU
	EndGlobalSection
	GlobalSection(ProjectConfigurationPlatforms) = postSolution
		{CA4F4F80-004F-458A-B1F8-6984F7677D75}.Debug|Any CPU.ActiveCfg = Debug|Any CPU
		{CA4F4F80-004F-458A-B1F8-6984F7677D75}.Debug|Any CPU.Build.0 = Debug|Any CPU
		{CA4F4F80-004F-458A-B1F8-6984F7677D75}.Release|Any CPU.ActiveCfg = Release|Any CPU
		{CA4F4F80-004F-458A-B1F8-6984F7677D75}.Release|Any CPU.Build.0 = Release|Any CPU
		{9F288FA8-63D5-4193-9608-E6620E5B9284}.Debug|Any CPU.ActiveCfg = Debug|Any CPU
		{9F288FA8-63D5-4193-9608-E6620E5B9284}.Debug|Any CPU.Build.0 = Debug|Any CPU
		{9F288FA8-63D5-4193-9608-E6620E5B9284}.Release|Any CPU.ActiveCfg = Release|Any CPU
		{9F288FA8-63D5-4193-9608-E6620E5B9284}.Release|Any CPU.Build.0 = Release|Any CPU
		{D059A380-A1C0-493C-9639-1FA36CDE9B4F}.Debug|Any CPU.ActiveCfg = Debug|Any CPU
		{D059A380-A1C0-493C-9639-1FA36CDE9B4F}.Debug|Any CPU.Build.0 = Debug|Any CPU
		{D059A380-A1C0-493C-9639-1FA36CDE9B4F}.Release|Any CPU.ActiveCfg = Release|Any CPU
		{D059A380-A1C0-493C-9639-1FA36CDE9B4F}.Release|Any CPU.Build.0 = Release|Any CPU
	EndGlobalSection
	GlobalSection(SolutionProperties) = preSolution
		HideSolutionNode = FALSE
	EndGlobalSection
	GlobalSection(ExtensibilityGlobals) = postSolution
		SolutionGuid = {80F938E3-D70C-4EAD-8F8D-DB3333B77CD2}
	EndGlobalSection
EndGlobal
